
Microsoft Visual Studio Solution File, Format Version 12.00
# Visual Studio Version 17
VisualStudioVersion = 17.7.34003.232
MinimumVisualStudioVersion = 10.0.40219.1
Project("{9A19103F-16F7-4668-BE54-9A1E7A4F7556}") = "MISA.Web062023.Demo", "MISA.Web062023.Demo\MISA.Web062023.Demo.csproj", "{C494F467-8FC4-455E-8A75-74030947AE81}"
EndProject
Project("{9A19103F-16F7-4668-BE54-9A1E7A4F7556}") = "MISA.Web062023.Demo.UnitTests", "MISA.Web062023.Demo.UnitTests\MISA.Web062023.Demo.UnitTests.csproj", "{8B970DDD-19C6-4BB8-9774-5EDC1682EE49}"
EndProject
Project("{FAE04EC0-301F-11D3-BF4B-00C04F79EFBC}") = "MISA.Web062023.Demo.Domain", "MISA.Web062023.Demo.Domain\MISA.Web062023.Demo.Domain.csproj", "{D0B9288B-4C06-46D9-8E4B-4F69815E5E9C}"
EndProject
Project("{FAE04EC0-301F-11D3-BF4B-00C04F79EFBC}") = "MISA.Web062023.Demo.Application", "MISA.Web062023.Demo.Application\MISA.Web062023.Demo.Application.csproj", "{AC80D49E-F97D-4A69-8CCA-33D6C1CF3CE3}"
EndProject
Project("{FAE04EC0-301F-11D3-BF4B-00C04F79EFBC}") = "MISA.Web062023.Demo.Infrastructure", "MISA.Web062023.Demo.Infrastructure\MISA.Web062023.Demo.Infrastructure.csproj", "{D69F2F5D-4BB3-47BE-AF1D-73DD66B97970}"
EndProject
Global
	GlobalSection(SolutionConfigurationPlatforms) = preSolution
		Debug|Any CPU = Debug|Any CPU
		Release|Any CPU = Release|Any CPU
	EndGlobalSection
	GlobalSection(ProjectConfigurationPlatforms) = postSolution
		{C494F467-8FC4-455E-8A75-74030947AE81}.Debug|Any CPU.ActiveCfg = Debug|Any CPU
		{C494F467-8FC4-455E-8A75-74030947AE81}.Debug|Any CPU.Build.0 = Debug|Any CPU
		{C494F467-8FC4-455E-8A75-74030947AE81}.Release|Any CPU.ActiveCfg = Release|Any CPU
		{C494F467-8FC4-455E-8A75-74030947AE81}.Release|Any CPU.Build.0 = Release|Any CPU
		{8B970DDD-19C6-4BB8-9774-5EDC1682EE49}.Debug|Any CPU.ActiveCfg = Debug|Any CPU
		{8B970DDD-19C6-4BB8-9774-5EDC1682EE49}.Debug|Any CPU.Build.0 = Debug|Any CPU
		{8B970DDD-19C6-4BB8-9774-5EDC1682EE49}.Release|Any CPU.ActiveCfg = Release|Any CPU
		{8B970DDD-19C6-4BB8-9774-5EDC1682EE49}.Release|Any CPU.Build.0 = Release|Any CPU
		{D0B9288B-4C06-46D9-8E4B-4F69815E5E9C}.Debug|Any CPU.ActiveCfg = Debug|Any CPU
		{D0B9288B-4C06-46D9-8E4B-4F69815E5E9C}.Debug|Any CPU.Build.0 = Debug|Any CPU
		{D0B9288B-4C06-46D9-8E4B-4F69815E5E9C}.Release|Any CPU.ActiveCfg = Release|Any CPU
		{D0B9288B-4C06-46D9-8E4B-4F69815E5E9C}.Release|Any CPU.Build.0 = Release|Any CPU
		{AC80D49E-F97D-4A69-8CCA-33D6C1CF3CE3}.Debug|Any CPU.ActiveCfg = Debug|Any CPU
		{AC80D49E-F97D-4A69-8CCA-33D6C1CF3CE3}.Debug|Any CPU.Build.0 = Debug|Any CPU
		{AC80D49E-F97D-4A69-8CCA-33D6C1CF3CE3}.Release|Any CPU.ActiveCfg = Release|Any CPU
		{AC80D49E-F97D-4A69-8CCA-33D6C1CF3CE3}.Release|Any CPU.Build.0 = Release|Any CPU
		{D69F2F5D-4BB3-47BE-AF1D-73DD66B97970}.Debug|Any CPU.ActiveCfg = Debug|Any CPU
		{D69F2F5D-4BB3-47BE-AF1D-73DD66B97970}.Debug|Any CPU.Build.0 = Debug|Any CPU
		{D69F2F5D-4BB3-47BE-AF1D-73DD66B97970}.Release|Any CPU.ActiveCfg = Release|Any CPU
		{D69F2F5D-4BB3-47BE-AF1D-73DD66B97970}.Release|Any CPU.Build.0 = Release|Any CPU
	EndGlobalSection
	GlobalSection(SolutionProperties) = preSolution
		HideSolutionNode = FALSE
	EndGlobalSection
	GlobalSection(ExtensibilityGlobals) = postSolution
		SolutionGuid = {9FEE753B-AAB6-41A8-B296-344397FC2365}
	EndGlobalSection
EndGlobal
